
Microsoft Visual Studio Solution File, Format Version 12.00
# Visual Studio Version 16
VisualStudioVersion = 16.0.29201.188
MinimumVisualStudioVersion = 10.0.40219.1
Project("{FAE04EC0-301F-11D3-BF4B-00C04F79EFBC}") = "PlanCalculator", "PlanCalculator\PlanCalculator.csproj", "{D1D12C14-B40F-498D-8F45-93EAE4D8DCC1}"
EndProject
Project("{FAE04EC0-301F-11D3-BF4B-00C04F79EFBC}") = "PlanCalculator.Test", "PlanCalculator.Test\PlanCalculator.Test.csproj", "{4EEA4B6B-FCBF-468F-965B-BD02FBBAA30E}"
EndProject
Global
	GlobalSection(SolutionConfigurationPlatforms) = preSolution
		Debug|Any CPU = Debug|Any CPU
		Release|Any CPU = Release|Any CPU
	EndGlobalSection
	GlobalSection(ProjectConfigurationPlatforms) = postSolution
		{D1D12C14-B40F-498D-8F45-93EAE4D8DCC1}.Debug|Any CPU.ActiveCfg = Debug|Any CPU
		{D1D12C14-B40F-498D-8F45-93EAE4D8DCC1}.Debug|Any CPU.Build.0 = Debug|Any CPU
		{D1D12C14-B40F-498D-8F45-93EAE4D8DCC1}.Release|Any CPU.ActiveCfg = Release|Any CPU
		{D1D12C14-B40F-498D-8F45-93EAE4D8DCC1}.Release|Any CPU.Build.0 = Release|Any CPU
		{4EEA4B6B-FCBF-468F-965B-BD02FBBAA30E}.Debug|Any CPU.ActiveCfg = Debug|Any CPU
		{4EEA4B6B-FCBF-468F-965B-BD02FBBAA30E}.Debug|Any CPU.Build.0 = Debug|Any CPU
		{4EEA4B6B-FCBF-468F-965B-BD02FBBAA30E}.Release|Any CPU.ActiveCfg = Release|Any CPU
		{4EEA4B6B-FCBF-468F-965B-BD02FBBAA30E}.Release|Any CPU.Build.0 = Release|Any CPU
	EndGlobalSection
	GlobalSection(SolutionProperties) = preSolution
		HideSolutionNode = FALSE
	EndGlobalSection
	GlobalSection(ExtensibilityGlobals) = postSolution
		SolutionGuid = {FB6AEEDA-3E09-440C-8A64-9291A8123495}
	EndGlobalSection
EndGlobal
